{
  "name": "micro-analytics-containers",
  "version": "1.0.0",
  "lockfileVersion": 1,
  "requires": true,
  "dependencies": {
    "node-forge": {
      "version": "0.6.33",
      "resolved": "https://registry.npmjs.org/node-forge/-/node-forge-0.6.33.tgz",
      "integrity": "sha1-RjgRh59XPUUVWtap9D3ClujoXrw=",
      "dev": true
    },
    "selfsigned": {
      "version": "1.10.1",
      "resolved": "https://registry.npmjs.org/selfsigned/-/selfsigned-1.10.1.tgz",
      "integrity": "sha1-v4y3uDJWxFUeMTR8YxF3jbme7FI=",
      "dev": true,
      "requires": {
        "node-forge": "0.6.33"
      }
    }
  }
}
